
Microsoft Visual Studio Solution File, Format Version 12.00
# Visual Studio Version 17
VisualStudioVersion = 17.2.32630.192
MinimumVisualStudioVersion = 10.0.40219.1
Project("{9A19103F-16F7-4668-BE54-9A1E7A4F7556}") = "R5T.D0080.Construction", "R5T.D0080.Construction\R5T.D0080.Construction.csproj", "{45DF4B20-8D71-4229-874C-A595720D20A7}"
EndProject
Project("{9A19103F-16F7-4668-BE54-9A1E7A4F7556}") = "R5T.D0080.Base", "R5T.D0080.Base\R5T.D0080.Base.csproj", "{541758E8-AAB4-479D-81BF-253C2A864CB9}"
EndProject
Project("{2150E333-8FDC-42A3-9474-1A3956D46DE8}") = "_Dependencies", "_Dependencies", "{DE07F891-7678-4DF7-A403-4BFF37126FB3}"
EndProject
Project("{9A19103F-16F7-4668-BE54-9A1E7A4F7556}") = "R5T.D0081.Base", "..\..\R5T.D0081\source\R5T.D0081.Base\R5T.D0081.Base.csproj", "{A48D3403-8A71-41C0-9A96-053BFA8C3FC6}"
EndProject
Project("{9A19103F-16F7-4668-BE54-9A1E7A4F7556}") = "R5T.Dacia.Extensions", "..\..\R5T.Dacia.Extensions\source\R5T.Dacia.Extensions\R5T.Dacia.Extensions.csproj", "{8BFF637C-93FC-4FD4-886F-1A65E2DE06D3}"
EndProject
Project("{9A19103F-16F7-4668-BE54-9A1E7A4F7556}") = "R5T.Dacia", "..\..\R5T.Dacia\source\R5T.Dacia\R5T.Dacia.csproj", "{B1FF5DCB-F471-470B-9F31-39F27BB75C53}"
EndProject
Project("{9A19103F-16F7-4668-BE54-9A1E7A4F7556}") = "R5T.Magyar", "..\..\R5T.Magyar\source\R5T.Magyar\R5T.Magyar.csproj", "{77F94A7D-D288-45D4-81CC-F845D447CB7C}"
EndProject
Project("{9A19103F-16F7-4668-BE54-9A1E7A4F7556}") = "R5T.D0080.I001", "R5T.D0080.I001\R5T.D0080.I001.csproj", "{91B3D561-4C8A-40E7-9FA3-1F4A9E3CBC54}"
EndProject
Project("{9A19103F-16F7-4668-BE54-9A1E7A4F7556}") = "R5T.T0064", "..\..\R5T.T0064\source\R5T.T0064\R5T.T0064.csproj", "{6CA2036C-8F48-4BE1-857B-2664364D0D8B}"
EndProject
Project("{9A19103F-16F7-4668-BE54-9A1E7A4F7556}") = "R5T.T0143", "..\..\R5T.T0143\source\R5T.T0143\R5T.T0143.csproj", "{D7762E9D-1581-4B52-AD8F-66DB21F5D279}"
EndProject
Global
	GlobalSection(NestedProjects) = preSolution
		{A48D3403-8A71-41C0-9A96-053BFA8C3FC6} = {DE07F891-7678-4DF7-A403-4BFF37126FB3}
		{8BFF637C-93FC-4FD4-886F-1A65E2DE06D3} = {DE07F891-7678-4DF7-A403-4BFF37126FB3}
		{B1FF5DCB-F471-470B-9F31-39F27BB75C53} = {DE07F891-7678-4DF7-A403-4BFF37126FB3}
		{77F94A7D-D288-45D4-81CC-F845D447CB7C} = {DE07F891-7678-4DF7-A403-4BFF37126FB3}
		{6CA2036C-8F48-4BE1-857B-2664364D0D8B} = {DE07F891-7678-4DF7-A403-4BFF37126FB3}
		{D7762E9D-1581-4B52-AD8F-66DB21F5D279} = {DE07F891-7678-4DF7-A403-4BFF37126FB3}
	EndGlobalSection
	GlobalSection(SolutionConfigurationPlatforms) = preSolution
		Debug|Any CPU = Debug|Any CPU
		Debug|x64 = Debug|x64
		Debug|x86 = Debug|x86
		Release|Any CPU = Release|Any CPU
		Release|x64 = Release|x64
		Release|x86 = Release|x86
	EndGlobalSection
	GlobalSection(ProjectConfigurationPlatforms) = postSolution
		{45DF4B20-8D71-4229-874C-A595720D20A7}.Debug|Any CPU.ActiveCfg = Debug|Any CPU
		{45DF4B20-8D71-4229-874C-A595720D20A7}.Debug|Any CPU.Build.0 = Debug|Any CPU
		{45DF4B20-8D71-4229-874C-A595720D20A7}.Debug|x64.ActiveCfg = Debug|Any CPU
		{45DF4B20-8D71-4229-874C-A595720D20A7}.Debug|x64.Build.0 = Debug|Any CPU
		{45DF4B20-8D71-4229-874C-A595720D20A7}.Debug|x86.ActiveCfg = Debug|Any CPU
		{45DF4B20-8D71-4229-874C-A595720D20A7}.Debug|x86.Build.0 = Debug|Any CPU
		{45DF4B20-8D71-4229-874C-A595720D20A7}.Release|Any CPU.ActiveCfg = Release|Any CPU
		{45DF4B20-8D71-4229-874C-A595720D20A7}.Release|Any CPU.Build.0 = Release|Any CPU
		{45DF4B20-8D71-4229-874C-A595720D20A7}.Release|x64.ActiveCfg = Release|Any CPU
		{45DF4B20-8D71-4229-874C-A595720D20A7}.Release|x64.Build.0 = Release|Any CPU
		{45DF4B20-8D71-4229-874C-A595720D20A7}.Release|x86.ActiveCfg = Release|Any CPU
		{45DF4B20-8D71-4229-874C-A595720D20A7}.Release|x86.Build.0 = Release|Any CPU
		{541758E8-AAB4-479D-81BF-253C2A864CB9}.Debug|Any CPU.ActiveCfg = Debug|Any CPU
		{541758E8-AAB4-479D-81BF-253C2A864CB9}.Debug|Any CPU.Build.0 = Debug|Any CPU
		{541758E8-AAB4-479D-81BF-253C2A864CB9}.Debug|x64.ActiveCfg = Debug|Any CPU
		{541758E8-AAB4-479D-81BF-253C2A864CB9}.Debug|x64.Build.0 = Debug|Any CPU
		{541758E8-AAB4-479D-81BF-253C2A864CB9}.Debug|x86.ActiveCfg = Debug|Any CPU
		{541758E8-AAB4-479D-81BF-253C2A864CB9}.Debug|x86.Build.0 = Debug|Any CPU
		{541758E8-AAB4-479D-81BF-253C2A864CB9}.Release|Any CPU.ActiveCfg = Release|Any CPU
		{541758E8-AAB4-479D-81BF-253C2A864CB9}.Release|Any CPU.Build.0 = Release|Any CPU
		{541758E8-AAB4-479D-81BF-253C2A864CB9}.Release|x64.ActiveCfg = Release|Any CPU
		{541758E8-AAB4-479D-81BF-253C2A864CB9}.Release|x64.Build.0 = Release|Any CPU
		{541758E8-AAB4-479D-81BF-253C2A864CB9}.Release|x86.ActiveCfg = Release|Any CPU
		{541758E8-AAB4-479D-81BF-253C2A864CB9}.Release|x86.Build.0 = Release|Any CPU
		{A48D3403-8A71-41C0-9A96-053BFA8C3FC6}.Debug|Any CPU.ActiveCfg = Debug|Any CPU
		{A48D3403-8A71-41C0-9A96-053BFA8C3FC6}.Debug|Any CPU.Build.0 = Debug|Any CPU
		{A48D3403-8A71-41C0-9A96-053BFA8C3FC6}.Debug|x64.ActiveCfg = Debug|Any CPU
		{A48D3403-8A71-41C0-9A96-053BFA8C3FC6}.Debug|x64.Build.0 = Debug|Any CPU
		{A48D3403-8A71-41C0-9A96-053BFA8C3FC6}.Debug|x86.ActiveCfg = Debug|Any CPU
		{A48D3403-8A71-41C0-9A96-053BFA8C3FC6}.Debug|x86.Build.0 = Debug|Any CPU
		{A48D3403-8A71-41C0-9A96-053BFA8C3FC6}.Release|Any CPU.ActiveCfg = Release|Any CPU
		{A48D3403-8A71-41C0-9A96-053BFA8C3FC6}.Release|Any CPU.Build.0 = Release|Any CPU
		{A48D3403-8A71-41C0-9A96-053BFA8C3FC6}.Release|x64.ActiveCfg = Release|Any CPU
		{A48D3403-8A71-41C0-9A96-053BFA8C3FC6}.Release|x64.Build.0 = Release|Any CPU
		{A48D3403-8A71-41C0-9A96-053BFA8C3FC6}.Release|x86.ActiveCfg = Release|Any CPU
		{A48D3403-8A71-41C0-9A96-053BFA8C3FC6}.Release|x86.Build.0 = Release|Any CPU
		{8BFF637C-93FC-4FD4-886F-1A65E2DE06D3}.Debug|Any CPU.ActiveCfg = Debug|Any CPU
		{8BFF637C-93FC-4FD4-886F-1A65E2DE06D3}.Debug|Any CPU.Build.0 = Debug|Any CPU
		{8BFF637C-93FC-4FD4-886F-1A65E2DE06D3}.Debug|x64.ActiveCfg = Debug|Any CPU
		{8BFF637C-93FC-4FD4-886F-1A65E2DE06D3}.Debug|x64.Build.0 = Debug|Any CPU
		{8BFF637C-93FC-4FD4-886F-1A65E2DE06D3}.Debug|x86.ActiveCfg = Debug|Any CPU
		{8BFF637C-93FC-4FD4-886F-1A65E2DE06D3}.Debug|x86.Build.0 = Debug|Any CPU
		{8BFF637C-93FC-4FD4-886F-1A65E2DE06D3}.Release|Any CPU.ActiveCfg = Release|Any CPU
		{8BFF637C-93FC-4FD4-886F-1A65E2DE06D3}.Release|Any CPU.Build.0 = Release|Any CPU
		{8BFF637C-93FC-4FD4-886F-1A65E2DE06D3}.Release|x64.ActiveCfg = Release|Any CPU
		{8BFF637C-93FC-4FD4-886F-1A65E2DE06D3}.Release|x64.Build.0 = Release|Any CPU
		{8BFF637C-93FC-4FD4-886F-1A65E2DE06D3}.Release|x86.ActiveCfg = Release|Any CPU
		{8BFF637C-93FC-4FD4-886F-1A65E2DE06D3}.Release|x86.Build.0 = Release|Any CPU
		{B1FF5DCB-F471-470B-9F31-39F27BB75C53}.Debug|Any CPU.ActiveCfg = Debug|Any CPU
		{B1FF5DCB-F471-470B-9F31-39F27BB75C53}.Debug|Any CPU.Build.0 = Debug|Any CPU
		{B1FF5DCB-F471-470B-9F31-39F27BB75C53}.Debug|x64.ActiveCfg = Debug|Any CPU
		{B1FF5DCB-F471-470B-9F31-39F27BB75C53}.Debug|x64.Build.0 = Debug|Any CPU
		{B1FF5DCB-F471-470B-9F31-39F27BB75C53}.Debug|x86.ActiveCfg = Debug|Any CPU
		{B1FF5DCB-F471-470B-9F31-39F27BB75C53}.Debug|x86.Build.0 = Debug|Any CPU
		{B1FF5DCB-F471-470B-9F31-39F27BB75C53}.Release|Any CPU.ActiveCfg = Release|Any CPU
		{B1FF5DCB-F471-470B-9F31-39F27BB75C53}.Release|Any CPU.Build.0 = Release|Any CPU
		{B1FF5DCB-F471-470B-9F31-39F27BB75C53}.Release|x64.ActiveCfg = Release|Any CPU
		{B1FF5DCB-F471-470B-9F31-39F27BB75C53}.Release|x64.Build.0 = Release|Any CPU
		{B1FF5DCB-F471-470B-9F31-39F27BB75C53}.Release|x86.ActiveCfg = Release|Any CPU
		{B1FF5DCB-F471-470B-9F31-39F27BB75C53}.Release|x86.Build.0 = Release|Any CPU
		{77F94A7D-D288-45D4-81CC-F845D447CB7C}.Debug|Any CPU.ActiveCfg = Debug|Any CPU
		{77F94A7D-D288-45D4-81CC-F845D447CB7C}.Debug|Any CPU.Build.0 = Debug|Any CPU
		{77F94A7D-D288-45D4-81CC-F845D447CB7C}.Debug|x64.ActiveCfg = Debug|Any CPU
		{77F94A7D-D288-45D4-81CC-F845D447CB7C}.Debug|x64.Build.0 = Debug|Any CPU
		{77F94A7D-D288-45D4-81CC-F845D447CB7C}.Debug|x86.ActiveCfg = Debug|Any CPU
		{77F94A7D-D288-45D4-81CC-F845D447CB7C}.Debug|x86.Build.0 = Debug|Any CPU
		{77F94A7D-D288-45D4-81CC-F845D447CB7C}.Release|Any CPU.ActiveCfg = Release|Any CPU
		{77F94A7D-D288-45D4-81CC-F845D447CB7C}.Release|Any CPU.Build.0 = Release|Any CPU
		{77F94A7D-D288-45D4-81CC-F845D447CB7C}.Release|x64.ActiveCfg = Release|Any CPU
		{77F94A7D-D288-45D4-81CC-F845D447CB7C}.Release|x64.Build.0 = Release|Any CPU
		{77F94A7D-D288-45D4-81CC-F845D447CB7C}.Release|x86.ActiveCfg = Release|Any CPU
		{77F94A7D-D288-45D4-81CC-F845D447CB7C}.Release|x86.Build.0 = Release|Any CPU
		{91B3D561-4C8A-40E7-9FA3-1F4A9E3CBC54}.Debug|Any CPU.ActiveCfg = Debug|Any CPU
		{91B3D561-4C8A-40E7-9FA3-1F4A9E3CBC54}.Debug|Any CPU.Build.0 = Debug|Any CPU
		{91B3D561-4C8A-40E7-9FA3-1F4A9E3CBC54}.Debug|x64.ActiveCfg = Debug|Any CPU
		{91B3D561-4C8A-40E7-9FA3-1F4A9E3CBC54}.Debug|x64.Build.0 = Debug|Any CPU
		{91B3D561-4C8A-40E7-9FA3-1F4A9E3CBC54}.Debug|x86.ActiveCfg = Debug|Any CPU
		{91B3D561-4C8A-40E7-9FA3-1F4A9E3CBC54}.Debug|x86.Build.0 = Debug|Any CPU
		{91B3D561-4C8A-40E7-9FA3-1F4A9E3CBC54}.Release|Any CPU.ActiveCfg = Release|Any CPU
		{91B3D561-4C8A-40E7-9FA3-1F4A9E3CBC54}.Release|Any CPU.Build.0 = Release|Any CPU
		{91B3D561-4C8A-40E7-9FA3-1F4A9E3CBC54}.Release|x64.ActiveCfg = Release|Any CPU
		{91B3D561-4C8A-40E7-9FA3-1F4A9E3CBC54}.Release|x64.Build.0 = Release|Any CPU
		{91B3D561-4C8A-40E7-9FA3-1F4A9E3CBC54}.Release|x86.ActiveCfg = Release|Any CPU
		{91B3D561-4C8A-40E7-9FA3-1F4A9E3CBC54}.Release|x86.Build.0 = Release|Any CPU
		{6CA2036C-8F48-4BE1-857B-2664364D0D8B}.Debug|Any CPU.ActiveCfg = Debug|Any CPU
		{6CA2036C-8F48-4BE1-857B-2664364D0D8B}.Debug|Any CPU.Build.0 = Debug|Any CPU
		{6CA2036C-8F48-4BE1-857B-2664364D0D8B}.Debug|x64.ActiveCfg = Debug|Any CPU
		{6CA2036C-8F48-4BE1-857B-2664364D0D8B}.Debug|x64.Build.0 = Debug|Any CPU
		{6CA2036C-8F48-4BE1-857B-2664364D0D8B}.Debug|x86.ActiveCfg = Debug|Any CPU
		{6CA2036C-8F48-4BE1-857B-2664364D0D8B}.Debug|x86.Build.0 = Debug|Any CPU
		{6CA2036C-8F48-4BE1-857B-2664364D0D8B}.Release|Any CPU.ActiveCfg = Release|Any CPU
		{6CA2036C-8F48-4BE1-857B-2664364D0D8B}.Release|Any CPU.Build.0 = Release|Any CPU
		{6CA2036C-8F48-4BE1-857B-2664364D0D8B}.Release|x64.ActiveCfg = Release|Any CPU
		{6CA2036C-8F48-4BE1-857B-2664364D0D8B}.Release|x64.Build.0 = Release|Any CPU
		{6CA2036C-8F48-4BE1-857B-2664364D0D8B}.Release|x86.ActiveCfg = Release|Any CPU
		{6CA2036C-8F48-4BE1-857B-2664364D0D8B}.Release|x86.Build.0 = Release|Any CPU
		{D7762E9D-1581-4B52-AD8F-66DB21F5D279}.Debug|Any CPU.ActiveCfg = Debug|Any CPU
		{D7762E9D-1581-4B52-AD8F-66DB21F5D279}.Debug|Any CPU.Build.0 = Debug|Any CPU
		{D7762E9D-1581-4B52-AD8F-66DB21F5D279}.Debug|x64.ActiveCfg = Debug|Any CPU
		{D7762E9D-1581-4B52-AD8F-66DB21F5D279}.Debug|x64.Build.0 = Debug|Any CPU
		{D7762E9D-1581-4B52-AD8F-66DB21F5D279}.Debug|x86.ActiveCfg = Debug|Any CPU
		{D7762E9D-1581-4B52-AD8F-66DB21F5D279}.Debug|x86.Build.0 = Debug|Any CPU
		{D7762E9D-1581-4B52-AD8F-66DB21F5D279}.Release|Any CPU.ActiveCfg = Release|Any CPU
		{D7762E9D-1581-4B52-AD8F-66DB21F5D279}.Release|Any CPU.Build.0 = Release|Any CPU
		{D7762E9D-1581-4B52-AD8F-66DB21F5D279}.Release|x64.ActiveCfg = Release|Any CPU
		{D7762E9D-1581-4B52-AD8F-66DB21F5D279}.Release|x64.Build.0 = Release|Any CPU
		{D7762E9D-1581-4B52-AD8F-66DB21F5D279}.Release|x86.ActiveCfg = Release|Any CPU
		{D7762E9D-1581-4B52-AD8F-66DB21F5D279}.Release|x86.Build.0 = Release|Any CPU
	EndGlobalSection
	GlobalSection(SolutionProperties) = preSolution
		HideSolutionNode = FALSE
	EndGlobalSection
	GlobalSection(ExtensibilityGlobals) = postSolution
		SolutionGuid = {1EE67B4A-19F7-4097-9D7E-322D8B1DDF51}
	EndGlobalSection
EndGlobal
